{
  "name": "harbor-docs-site",
  "version": "1.0.0",
  "lockfileVersion": 3,
  "requires": true,
  "packages": {
    "": {
      "name": "harbor-docs-site",
      "version": "1.0.0",
      "dependencies": {
        "@harbor/content-kit": "file:../packages/content-kit"
      }
    },
    "../packages/content-kit": {
      "name": "@harbor/content-kit",
      "version": "1.0.0"
    },
    "node_modules/@harbor/content-kit": {
      "resolved": "../packages/content-kit",
      "link": true
    }
  }
}
